
Microsoft Visual Studio Solution File, Format Version 12.00
# Visual Studio Version 17
VisualStudioVersion = 17.14.36127.28
MinimumVisualStudioVersion = 10.0.40219.1
Project("{FAE04EC0-301F-11D3-BF4B-00C04F79EFBC}") = "OfficesMicroService.API", "OfficesMicroService.API\OfficesMicroService.API.csproj", "{B20459BC-D7A3-9E29-B4B5-BFCBD8B6E949}"
EndProject
Project("{FAE04EC0-301F-11D3-BF4B-00C04F79EFBC}") = "OfficesMicroService.Domain", "OfficesMicroService.Domain\OfficesMicroService.Domain.csproj", "{A2CDE3DA-5768-0E00-8052-6C4ACD73AAA2}"
EndProject
Project("{FAE04EC0-301F-11D3-BF4B-00C04F79EFBC}") = "OfficesMicroService.Application", "OfficesMicroService.Application\OfficesMicroService.Application.csproj", "{B0682D0A-C99D-5381-E929-191D146A87D8}"
EndProject
Project("{FAE04EC0-301F-11D3-BF4B-00C04F79EFBC}") = "OfficesMicroService.Infrastructure", "OfficesMicroService.Infrastructure\OfficesMicroService.Infrastructure.csproj", "{77843B5A-4D07-1EEE-DD54-821FA887A63A}"
EndProject
Project("{2150E333-8FDC-42A3-9474-1A3956D46DE8}") = "Solution Items", "Solution Items", "{02EA681E-C7D8-13C7-8484-4AC65E1B71E8}"
	ProjectSection(SolutionItems) = preProject
		.editorconfig = .editorconfig
	EndProjectSection
EndProject
Global
	GlobalSection(SolutionConfigurationPlatforms) = preSolution
		Debug|Any CPU = Debug|Any CPU
		Release|Any CPU = Release|Any CPU
	EndGlobalSection
	GlobalSection(ProjectConfigurationPlatforms) = postSolution
		{B20459BC-D7A3-9E29-B4B5-BFCBD8B6E949}.Debug|Any CPU.ActiveCfg = Debug|Any CPU
		{B20459BC-D7A3-9E29-B4B5-BFCBD8B6E949}.Debug|Any CPU.Build.0 = Debug|Any CPU
		{B20459BC-D7A3-9E29-B4B5-BFCBD8B6E949}.Release|Any CPU.ActiveCfg = Release|Any CPU
		{B20459BC-D7A3-9E29-B4B5-BFCBD8B6E949}.Release|Any CPU.Build.0 = Release|Any CPU
		{A2CDE3DA-5768-0E00-8052-6C4ACD73AAA2}.Debug|Any CPU.ActiveCfg = Debug|Any CPU
		{A2CDE3DA-5768-0E00-8052-6C4ACD73AAA2}.Debug|Any CPU.Build.0 = Debug|Any CPU
		{A2CDE3DA-5768-0E00-8052-6C4ACD73AAA2}.Release|Any CPU.ActiveCfg = Release|Any CPU
		{A2CDE3DA-5768-0E00-8052-6C4ACD73AAA2}.Release|Any CPU.Build.0 = Release|Any CPU
		{B0682D0A-C99D-5381-E929-191D146A87D8}.Debug|Any CPU.ActiveCfg = Debug|Any CPU
		{B0682D0A-C99D-5381-E929-191D146A87D8}.Debug|Any CPU.Build.0 = Debug|Any CPU
		{B0682D0A-C99D-5381-E929-191D146A87D8}.Release|Any CPU.ActiveCfg = Release|Any CPU
		{B0682D0A-C99D-5381-E929-191D146A87D8}.Release|Any CPU.Build.0 = Release|Any CPU
		{77843B5A-4D07-1EEE-DD54-821FA887A63A}.Debug|Any CPU.ActiveCfg = Debug|Any CPU
		{77843B5A-4D07-1EEE-DD54-821FA887A63A}.Debug|Any CPU.Build.0 = Debug|Any CPU
		{77843B5A-4D07-1EEE-DD54-821FA887A63A}.Release|Any CPU.ActiveCfg = Release|Any CPU
		{77843B5A-4D07-1EEE-DD54-821FA887A63A}.Release|Any CPU.Build.0 = Release|Any CPU
	EndGlobalSection
	GlobalSection(SolutionProperties) = preSolution
		HideSolutionNode = FALSE
	EndGlobalSection
	GlobalSection(ExtensibilityGlobals) = postSolution
		SolutionGuid = {65187D57-B74E-424C-AC68-4D92AF52E68F}
	EndGlobalSection
EndGlobal
